// !$*UTF8*$!
{
	archiveVersion = 1;
	classes = {
	};
	objectVersion = 46;
	objects = {

/* Begin PBXBuildFile section */
		123AC3603B044B81B556C4F7 /* Foundation.framework in Frameworks */ = {isa = PBXBuildFile; fileRef = 740CDFF7FA944F66B1714894 /* Foundation.framework */; };
		4BF6F18D544D4B43AB53CEC1 /* FISAppDelegate.m in Sources */ = {isa = PBXBuildFile; fileRef = 1F8E7D20AB93443AAE831377 /* FISAppDelegate.m */; };
		86B12BE4DC976B9D8136F1CD /* libPods-unit_tests.a in Frameworks */ = {isa = PBXBuildFile; fileRef = FF4F8F6C70C07E1998ABE051 /* libPods-unit_tests.a */; };
		F2DA577D1EC348D78215A834 /* main.m in Sources */ = {isa = PBXBuildFile; fileRef = 047361924796455E8BB2675E /* main.m */; };
		F3A9137FBC40455D8A840D98 /* Images.xcassets in Resources */ = {isa = PBXBuildFile; fileRef = 38670AEC748C4D8F923E6887 /* Images.xcassets */; };
/* End PBXBuildFile section */

/* Begin PBXContainerItemProxy section */
		C4B89E53D8A841978CF2C7D9 /* PBXContainerItemProxy */ = {
			isa = PBXContainerItemProxy;
			containerPortal = 1AA18FA520114A5EA945AF5F /* Project object */;
			proxyType = 1;
			remoteGlobalIDString = E1ED24D704FB4A4EA6E7536D;
			remoteInfo = facepad;
		};
/* End PBXContainerItemProxy section */

/* Begin PBXFileReference section */
		047361924796455E8BB2675E /* main.m */ = {isa = PBXFileReference; includeInIndex = 1; lastKnownFileType = sourcecode.c.objc; path = main.m; sourceTree = "<group>"; };
		1F8E7D20AB93443AAE831377 /* FISAppDelegate.m */ = {isa = PBXFileReference; includeInIndex = 1; lastKnownFileType = sourcecode.c.objc; path = FISAppDelegate.m; sourceTree = "<group>"; };
		38670AEC748C4D8F923E6887 /* Images.xcassets */ = {isa = PBXFileReference; includeInIndex = 1; lastKnownFileType = folder.assetcatalog; path = Images.xcassets; sourceTree = "<group>"; };
		387DAA87D28D4A2EBFCEB483 /* UnitTests.xctest */ = {isa = PBXFileReference; explicitFileType = wrapper.cfbundle; includeInIndex = 0; path = UnitTests.xctest; sourceTree = BUILT_PRODUCTS_DIR; };
		590FA3F31A5DCB795884A780 /* Pods-unit_tests.debug.xcconfig */ = {isa = PBXFileReference; includeInIndex = 1; lastKnownFileType = text.xcconfig; name = "Pods-unit_tests.debug.xcconfig"; path = "Pods/Target Support Files/Pods-unit_tests/Pods-unit_tests.debug.xcconfig"; sourceTree = "<group>"; };
		6973C89B0B1442D6B3CA8976 /* facepad-Info.plist */ = {isa = PBXFileReference; includeInIndex = 1; lastKnownFileType = text.plist.xml; path = "facepad-Info.plist"; sourceTree = "<group>"; };
		740CDFF7FA944F66B1714894 /* Foundation.framework */ = {isa = PBXFileReference; lastKnownFileType = wrapper.framework; name = Foundation.framework; path = Platforms/iPhoneOS.platform/Developer/SDKs/iPhoneOS7.0.sdk/System/Library/Frameworks/Foundation.framework; sourceTree = DEVELOPER_DIR; };
		7AF6397B26500DFC5C424807 /* Pods-unit_tests.release.xcconfig */ = {isa = PBXFileReference; includeInIndex = 1; lastKnownFileType = text.xcconfig; name = "Pods-unit_tests.release.xcconfig"; path = "Pods/Target Support Files/Pods-unit_tests/Pods-unit_tests.release.xcconfig"; sourceTree = "<group>"; };
		86CE7F4FAFDF497CBC7DDD14 /* UnitTests-Prefix.pch */ = {isa = PBXFileReference; includeInIndex = 1; lastKnownFileType = sourcecode.c.h; path = "UnitTests-Prefix.pch"; sourceTree = "<group>"; };
		BC7AF055F66F4AD4BAA48996 /* UnitTests-Info.plist */ = {isa = PBXFileReference; includeInIndex = 1; lastKnownFileType = text.plist.xml; path = "UnitTests-Info.plist"; sourceTree = "<group>"; };
		BF3743855881463492EBBA59 /* facepad-Prefix.pch */ = {isa = PBXFileReference; includeInIndex = 1; lastKnownFileType = sourcecode.c.h; path = "facepad-Prefix.pch"; sourceTree = "<group>"; };
		BF65580E223247C2968DC75D /* facepad.app */ = {isa = PBXFileReference; explicitFileType = wrapper.application; includeInIndex = 0; path = facepad.app; sourceTree = BUILT_PRODUCTS_DIR; };
		F5DA605375F54E3D9C8CC12A /* FISAppDelegate.h */ = {isa = PBXFileReference; includeInIndex = 1; lastKnownFileType = sourcecode.c.h; path = FISAppDelegate.h; sourceTree = "<group>"; };
		FF4F8F6C70C07E1998ABE051 /* libPods-unit_tests.a */ = {isa = PBXFileReference; explicitFileType = archive.ar; includeInIndex = 0; path = "libPods-unit_tests.a"; sourceTree = BUILT_PRODUCTS_DIR; };
/* End PBXFileReference section */

/* Begin PBXFrameworksBuildPhase section */
		489ADD4717C14F95AE3ECE49 /* Frameworks */ = {
			isa = PBXFrameworksBuildPhase;
			buildActionMask = 2147483647;
			files = (
				86B12BE4DC976B9D8136F1CD /* libPods-unit_tests.a in Frameworks */,
			);
			runOnlyForDeploymentPostprocessing = 0;
		};
		C8DE82818B5241C8ADCE47BA /* Frameworks */ = {
			isa = PBXFrameworksBuildPhase;
			buildActionMask = 2147483647;
			files = (
				123AC3603B044B81B556C4F7 /* Foundation.framework in Frameworks */,
			);
			runOnlyForDeploymentPostprocessing = 0;
		};
/* End PBXFrameworksBuildPhase section */

/* Begin PBXGroup section */
		0D72935011154FE7A2A50F1F /* Other-Sources */ = {
			isa = PBXGroup;
			children = (
				6973C89B0B1442D6B3CA8976 /* facepad-Info.plist */,
				BF3743855881463492EBBA59 /* facepad-Prefix.pch */,
				047361924796455E8BB2675E /* main.m */,
			);
			path = "Other-Sources";
			sourceTree = "<group>";
		};
		36F6881948F64701AD657ECC /* iOS */ = {
			isa = PBXGroup;
			children = (
				740CDFF7FA944F66B1714894 /* Foundation.framework */,
			);
			name = iOS;
			sourceTree = "<group>";
		};
		3C28D3F3BB3A4EC789AD1B9D /* Resources */ = {
			isa = PBXGroup;
			children = (
				BC7AF055F66F4AD4BAA48996 /* UnitTests-Info.plist */,
				86CE7F4FAFDF497CBC7DDD14 /* UnitTests-Prefix.pch */,
			);
			path = Resources;
			sourceTree = "<group>";
		};
		4382495E882B40749C1F58C2 = {
			isa = PBXGroup;
			children = (
				495B53C458994BF3BB9CFD10 /* facepad */,
				F20E66BAB416480A926C7DEB /* UnitTests */,
				749C411F83FF4CC1A3997CF2 /* Frameworks */,
				693E17BB35094DA5BD8CF323 /* Products */,
				8EC80DD93BE1BCC292850E7D /* Pods */,
			);
			indentWidth = 4;
			sourceTree = "<group>";
			tabWidth = 4;
			usesTabs = 0;
		};
		495B53C458994BF3BB9CFD10 /* facepad */ = {
			isa = PBXGroup;
			children = (
				F5DA605375F54E3D9C8CC12A /* FISAppDelegate.h */,
				1F8E7D20AB93443AAE831377 /* FISAppDelegate.m */,
				FF2E31828EF54A4794F04731 /* Resources */,
			);
			path = facepad;
			sourceTree = "<group>";
		};
		693E17BB35094DA5BD8CF323 /* Products */ = {
			isa = PBXGroup;
			children = (
				BF65580E223247C2968DC75D /* facepad.app */,
				387DAA87D28D4A2EBFCEB483 /* UnitTests.xctest */,
			);
			name = Products;
			sourceTree = "<group>";
		};
		749C411F83FF4CC1A3997CF2 /* Frameworks */ = {
			isa = PBXGroup;
			children = (
				36F6881948F64701AD657ECC /* iOS */,
				FF4F8F6C70C07E1998ABE051 /* libPods-unit_tests.a */,
			);
			name = Frameworks;
			sourceTree = "<group>";
		};
		8EC80DD93BE1BCC292850E7D /* Pods */ = {
			isa = PBXGroup;
			children = (
				7AF6397B26500DFC5C424807 /* Pods-unit_tests.release.xcconfig */,
				590FA3F31A5DCB795884A780 /* Pods-unit_tests.debug.xcconfig */,
			);
			name = Pods;
			sourceTree = "<group>";
		};
		8FD4BAF5172A41A381C6EF4C /* Tests */ = {
			isa = PBXGroup;
			children = (
			);
			path = Tests;
			sourceTree = "<group>";
		};
		F20E66BAB416480A926C7DEB /* UnitTests */ = {
			isa = PBXGroup;
			children = (
				3C28D3F3BB3A4EC789AD1B9D /* Resources */,
				8FD4BAF5172A41A381C6EF4C /* Tests */,
			);
			path = UnitTests;
			sourceTree = "<group>";
		};
		FF2E31828EF54A4794F04731 /* Resources */ = {
			isa = PBXGroup;
			children = (
				38670AEC748C4D8F923E6887 /* Images.xcassets */,
				0D72935011154FE7A2A50F1F /* Other-Sources */,
			);
			path = Resources;
			sourceTree = "<group>";
		};
/* End PBXGroup section */

/* Begin PBXNativeTarget section */
		680482B1A6EB462D892E80A8 /* UnitTests */ = {
			isa = PBXNativeTarget;
			buildConfigurationList = 98253DF2A5A6437C8E82DF08 /* Build configuration list for PBXNativeTarget "UnitTests" */;
			buildPhases = (
				AE1CD1842D9EF947F276D0BB /* Check Pods Manifest.lock */,
				CB852E05DD404202BDAF4A95 /* Sources */,
				489ADD4717C14F95AE3ECE49 /* Frameworks */,
				420679EE9DF04B61B71D0030 /* Resources */,
				135CEF67C8697C6AA953B105 /* Copy Pods Resources */,
			);
			buildRules = (
			);
			dependencies = (
				B4013D233534451386E56576 /* PBXTargetDependency */,
			);
			name = UnitTests;
			productName = UnitTests;
			productReference = 387DAA87D28D4A2EBFCEB483 /* UnitTests.xctest */;
			productType = "com.apple.product-type.bundle.unit-test";
		};
		E1ED24D704FB4A4EA6E7536D /* facepad */ = {
			isa = PBXNativeTarget;
			buildConfigurationList = 764C0DBF8D3D4CAFA2A0EA98 /* Build configuration list for PBXNativeTarget "facepad" */;
			buildPhases = (
				E6768201802A4E3BB03F5CA2 /* Sources */,
				C8DE82818B5241C8ADCE47BA /* Frameworks */,
				C646651802B843F3A7D55070 /* Resources */,
				F387700E7B334FD8BFA63F82 /* Warn for TODO and FIXME comments */,
			);
			buildRules = (
			);
			dependencies = (
			);
			name = facepad;
			productName = facepad;
			productReference = BF65580E223247C2968DC75D /* facepad.app */;
			productType = "com.apple.product-type.application";
		};
/* End PBXNativeTarget section */

/* Begin PBXProject section */
		1AA18FA520114A5EA945AF5F /* Project object */ = {
			isa = PBXProject;
			attributes = {
				CLASSPREFIX = FIS;
				LastUpgradeCheck = 0500;
				ORGANIZATIONNAME = "The Flatiron School";
			};
			buildConfigurationList = E96150067C1243CE9B18EAD7 /* Build configuration list for PBXProject "facepad" */;
			compatibilityVersion = "Xcode 3.2";
			developmentRegion = English;
			hasScannedForEncodings = 0;
			knownRegions = (
				en,
			);
			mainGroup = 4382495E882B40749C1F58C2;
			productRefGroup = 693E17BB35094DA5BD8CF323 /* Products */;
			projectDirPath = "";
			projectRoot = "";
			targets = (
				E1ED24D704FB4A4EA6E7536D /* facepad */,
				680482B1A6EB462D892E80A8 /* UnitTests */,
			);
		};
/* End PBXProject section */

/* Begin PBXResourcesBuildPhase section */
		420679EE9DF04B61B71D0030 /* Resources */ = {
			isa = PBXResourcesBuildPhase;
			buildActionMask = 2147483647;
			files = (
			);
			runOnlyForDeploymentPostprocessing = 0;
		};
		C646651802B843F3A7D55070 /* Resources */ = {
			isa = PBXResourcesBuildPhase;
			buildActionMask = 2147483647;
			files = (
				F3A9137FBC40455D8A840D98 /* Images.xcassets in Resources */,
			);
			runOnlyForDeploymentPostprocessing = 0;
		};
/* End PBXResourcesBuildPhase section */

/* Begin PBXShellScriptBuildPhase section */
		135CEF67C8697C6AA953B105 /* Copy Pods Resources */ = {
			isa = PBXShellScriptBuildPhase;
			buildActionMask = 2147483647;
			files = (
			);
			inputPaths = (
			);
			name = "Copy Pods Resources";
			outputPaths = (
			);
			runOnlyForDeploymentPostprocessing = 0;
			shellPath = /bin/sh;
			shellScript = "\"${SRCROOT}/Pods/Target Support Files/Pods-unit_tests/Pods-unit_tests-resources.sh\"\n";
			showEnvVarsInLog = 0;
		};
		AE1CD1842D9EF947F276D0BB /* Check Pods Manifest.lock */ = {
			isa = PBXShellScriptBuildPhase;
			buildActionMask = 2147483647;
			files = (
			);
			inputPaths = (
			);
			name = "Check Pods Manifest.lock";
			outputPaths = (
			);
			runOnlyForDeploymentPostprocessing = 0;
			shellPath = /bin/sh;
			shellScript = "diff \"${PODS_ROOT}/../Podfile.lock\" \"${PODS_ROOT}/Manifest.lock\" > /dev/null\nif [[ $? != 0 ]] ; then\n    cat << EOM\nerror: The sandbox is not in sync with the Podfile.lock. Run 'pod install' or update your CocoaPods installation.\nEOM\n    exit 1\nfi\n";
			showEnvVarsInLog = 0;
		};
		F387700E7B334FD8BFA63F82 /* Warn for TODO and FIXME comments */ = {
			isa = PBXShellScriptBuildPhase;
			buildActionMask = 2147483647;
			files = (
			);
			inputPaths = (
			);
			name = "Warn for TODO and FIXME comments";
			outputPaths = (
			);
			runOnlyForDeploymentPostprocessing = 0;
			shellPath = /bin/sh;
			shellScript = "KEYWORDS=\"TODO:|FIXME:|\\?\\?\\?:|\\!\\!\\!:\"\nFILE_EXTENSIONS=\"h|m|mm|c|cpp\"\nfind -E \"${SRCROOT}\" -ipath \"${SRCROOT}/pods\" -prune -o \\( -regex \".*\\.($FILE_EXTENSIONS)$\" \\) -print0 | xargs -0 egrep --with-filename --line-number --only-matching \"($KEYWORDS).*\\$\" | perl -p -e \"s/($KEYWORDS)/ warning: \\$1/\"\n";
		};
/* End PBXShellScriptBuildPhase section */

/* Begin PBXSourcesBuildPhase section */
		CB852E05DD404202BDAF4A95 /* Sources */ = {
			isa = PBXSourcesBuildPhase;
			buildActionMask = 2147483647;
			files = (
			);
			runOnlyForDeploymentPostprocessing = 0;
		};
		E6768201802A4E3BB03F5CA2 /* Sources */ = {
			isa = PBXSourcesBuildPhase;
			buildActionMask = 2147483647;
			files = (
				4BF6F18D544D4B43AB53CEC1 /* FISAppDelegate.m in Sources */,
				F2DA577D1EC348D78215A834 /* main.m in Sources */,
			);
			runOnlyForDeploymentPostprocessing = 0;
		};
/* End PBXSourcesBuildPhase section */

/* Begin PBXTargetDependency section */
		B4013D233534451386E56576 /* PBXTargetDependency */ = {
			isa = PBXTargetDependency;
			target = E1ED24D704FB4A4EA6E7536D /* facepad */;
			targetProxy = C4B89E53D8A841978CF2C7D9 /* PBXContainerItemProxy */;
		};
/* End PBXTargetDependency section */

/* Begin XCBuildConfiguration section */
		0E25A449339244D8A4CFF881 /* Debug */ = {
			isa = XCBuildConfiguration;
			buildSettings = {
				ALWAYS_SEARCH_USER_PATHS = NO;
				COPY_PHASE_STRIP = NO;
				DSTROOT = /tmp/xcodeproj.dst;
				GCC_C_LANGUAGE_STANDARD = gnu99;
				GCC_DYNAMIC_NO_PIC = NO;
				GCC_OPTIMIZATION_LEVEL = 0;
				GCC_PRECOMPILE_PREFIX_HEADER = YES;
				GCC_PREFIX_HEADER = "facepad/Resources/Other-Sources/facepad-Prefix.pch";
				GCC_PREPROCESSOR_DEFINITIONS = (
					"DEBUG=1",
					"$(inherited)",
				);
				GCC_SYMBOLS_PRIVATE_EXTERN = NO;
				GCC_VERSION = com.apple.compilers.llvm.clang.1_0;
				INFOPLIST_FILE = "facepad/Resources/Other-Sources/facepad-Info.plist";
				INSTALL_PATH = "$(BUILT_PRODUCTS_DIR)";
				PRODUCT_NAME = "$(TARGET_NAME)";
				PUBLIC_HEADERS_FOLDER_PATH = "$(TARGET_NAME)";
				SDKROOT = iphoneos;
			};
			name = Debug;
		};
		3116AE481D954221B079097C /* Release */ = {
			isa = XCBuildConfiguration;
			buildSettings = {
				ALWAYS_SEARCH_USER_PATHS = NO;
				COPY_PHASE_STRIP = YES;
				DSTROOT = /tmp/xcodeproj.dst;
				GCC_C_LANGUAGE_STANDARD = gnu99;
				GCC_PRECOMPILE_PREFIX_HEADER = YES;
				GCC_PREFIX_HEADER = "facepad/Resources/Other-Sources/facepad-Prefix.pch";
				GCC_VERSION = com.apple.compilers.llvm.clang.1_0;
				INFOPLIST_FILE = "facepad/Resources/Other-Sources/facepad-Info.plist";
				INSTALL_PATH = "$(BUILT_PRODUCTS_DIR)";
				OTHER_CFLAGS = (
					"-DNS_BLOCK_ASSERTIONS=1",
					"$(inherited)",
				);
				OTHER_CPLUSPLUSFLAGS = (
					"-DNS_BLOCK_ASSERTIONS=1",
					"$(inherited)",
				);
				PRODUCT_NAME = "$(TARGET_NAME)";
				PUBLIC_HEADERS_FOLDER_PATH = "$(TARGET_NAME)";
				SDKROOT = iphoneos;
				VALIDATE_PRODUCT = YES;
			};
			name = Release;
		};
		4C486A99E193444584E581A1 /* Release */ = {
			isa = XCBuildConfiguration;
			baseConfigurationReference = 7AF6397B26500DFC5C424807 /* Pods-unit_tests.release.xcconfig */;
			buildSettings = {
				BUNDLE_LOADER = "$(BUILT_PRODUCTS_DIR)/facepad.app/facepad";
				FRAMEWORK_SEARCH_PATHS = (
					"$(SDKROOT)/Developer/Library/Frameworks",
					"$(inherited)",
					"$(DEVELOPER_FRAMEWORKS_DIR)",
				);
				GCC_PREFIX_HEADER = "UnitTests/Resources/UnitTests-Prefix.pch";
				INFOPLIST_FILE = "UnitTests/Resources/UnitTests-Info.plist";
				PRODUCT_NAME = "$(TARGET_NAME)";
				SDKROOT = iphoneos;
				SKIP_INSTALL = YES;
				TEST_HOST = "$(BUNDLE_LOADER)";
				WRAPPER_EXTENSION = xctest;
			};
			name = Release;
		};
		8ADF98AA91484612B6D5CE51 /* Release */ = {
			isa = XCBuildConfiguration;
			buildSettings = {
				ALWAYS_SEARCH_USER_PATHS = NO;
				ASSETCATALOG_COMPILER_APPICON_NAME = AppIcon;
				ASSETCATALOG_COMPILER_LAUNCHIMAGE_NAME = LaunchImage;
				CLANG_CXX_LANGUAGE_STANDARD = "gnu++0x";
				CLANG_CXX_LIBRARY = "libc++";
				CLANG_ENABLE_MODULES = YES;
				CLANG_ENABLE_OBJC_ARC = YES;
				CLANG_WARN_BOOL_CONVERSION = YES;
				CLANG_WARN_CONSTANT_CONVERSION = YES;
				CLANG_WARN_DEPRECATED_OBJC_IMPLEMENTATIONS = YES;
				CLANG_WARN_DIRECT_OBJC_ISA_USAGE = YES_ERROR;
				CLANG_WARN_EMPTY_BODY = YES;
				CLANG_WARN_ENUM_CONVERSION = YES;
				CLANG_WARN_INT_CONVERSION = YES;
				CLANG_WARN_OBJC_IMPLICIT_RETAIN_SELF = YES;
				CLANG_WARN_OBJC_ROOT_CLASS = YES_ERROR;
				CLANG_WARN_SUSPICIOUS_IMPLICIT_CONVERSION = YES;
				"CODE_SIGN_IDENTITY[sdk=iphoneos*]" = "iPhone Developer";
				COPY_PHASE_STRIP = NO;
				ENABLE_NS_ASSERTIONS = NO;
				GCC_C_LANGUAGE_STANDARD = gnu99;
				GCC_WARN_64_TO_32_BIT_CONVERSION = YES;
				GCC_WARN_ABOUT_DEPRECATED_FUNCTIONS = YES;
				GCC_WARN_ABOUT_MISSING_FIELD_INITIALIZERS = YES;
				GCC_WARN_ABOUT_MISSING_NEWLINE = YES;
				GCC_WARN_ABOUT_RETURN_TYPE = YES;
				GCC_WARN_CHECK_SWITCH_STATEMENTS = YES;
				GCC_WARN_INITIALIZER_NOT_FULLY_BRACKETED = YES;
				GCC_WARN_MISSING_PARENTHESES = YES;
				GCC_WARN_SHADOW = YES;
				GCC_WARN_TYPECHECK_CALLS_TO_PRINTF = YES;
				GCC_WARN_UNDECLARED_SELECTOR = YES;
				GCC_WARN_UNINITIALIZED_AUTOS = YES;
				GCC_WARN_UNUSED_FUNCTION = YES;
				GCC_WARN_UNUSED_LABEL = YES;
				GCC_WARN_UNUSED_VALUE = YES;
				GCC_WARN_UNUSED_VARIABLE = YES;
				IPHONEOS_DEPLOYMENT_TARGET = 7.0;
				SDKROOT = iphoneos;
				VALIDATE_PRODUCT = YES;
			};
			name = Release;
		};
		C9D695B9EDBA4B12A3BD07A8 /* Debug */ = {
			isa = XCBuildConfiguration;
			baseConfigurationReference = 590FA3F31A5DCB795884A780 /* Pods-unit_tests.debug.xcconfig */;
			buildSettings = {
				BUNDLE_LOADER = "$(BUILT_PRODUCTS_DIR)/facepad.app/facepad";
				FRAMEWORK_SEARCH_PATHS = (
					"$(SDKROOT)/Developer/Library/Frameworks",
					"$(inherited)",
					"$(DEVELOPER_FRAMEWORKS_DIR)",
				);
				GCC_PREFIX_HEADER = "UnitTests/Resources/UnitTests-Prefix.pch";
				INFOPLIST_FILE = "UnitTests/Resources/UnitTests-Info.plist";
				PRODUCT_NAME = "$(TARGET_NAME)";
				SDKROOT = iphoneos;
				SKIP_INSTALL = YES;
				TEST_HOST = "$(BUNDLE_LOADER)";
				WRAPPER_EXTENSION = xctest;
			};
			name = Debug;
		};
		F6CD59F83DE140B0BC080645 /* Debug */ = {
			isa = XCBuildConfiguration;
			buildSettings = {
				ALWAYS_SEARCH_USER_PATHS = NO;
				ASSETCATALOG_COMPILER_APPICON_NAME = AppIcon;
				ASSETCATALOG_COMPILER_LAUNCHIMAGE_NAME = LaunchImage;
				CLANG_CXX_LANGUAGE_STANDARD = "gnu++0x";
				CLANG_CXX_LIBRARY = "libc++";
				CLANG_ENABLE_MODULES = YES;
				CLANG_ENABLE_OBJC_ARC = YES;
				CLANG_WARN_BOOL_CONVERSION = YES;
				CLANG_WARN_CONSTANT_CONVERSION = YES;
				CLANG_WARN_DEPRECATED_OBJC_IMPLEMENTATIONS = YES;
				CLANG_WARN_DIRECT_OBJC_ISA_USAGE = YES_ERROR;
				CLANG_WARN_EMPTY_BODY = YES;
				CLANG_WARN_ENUM_CONVERSION = YES;
				CLANG_WARN_INT_CONVERSION = YES;
				CLANG_WARN_OBJC_IMPLICIT_RETAIN_SELF = YES;
				CLANG_WARN_OBJC_ROOT_CLASS = YES_ERROR;
				CLANG_WARN_SUSPICIOUS_IMPLICIT_CONVERSION = YES;
				"CODE_SIGN_IDENTITY[sdk=iphoneos*]" = "iPhone Developer";
				COPY_PHASE_STRIP = YES;
				GCC_C_LANGUAGE_STANDARD = gnu99;
				GCC_DYNAMIC_NO_PIC = NO;
				GCC_OPTIMIZATION_LEVEL = 0;
				GCC_PREPROCESSOR_DEFINITIONS = (
					"DEBUG=1",
					"$(inherited)",
				);
				GCC_SYMBOLS_PRIVATE_EXTERN = NO;
				GCC_WARN_64_TO_32_BIT_CONVERSION = YES;
				GCC_WARN_ABOUT_DEPRECATED_FUNCTIONS = YES;
				GCC_WARN_ABOUT_MISSING_FIELD_INITIALIZERS = YES;
				GCC_WARN_ABOUT_MISSING_NEWLINE = YES;
				GCC_WARN_ABOUT_RETURN_TYPE = YES;
				GCC_WARN_CHECK_SWITCH_STATEMENTS = YES;
				GCC_WARN_INITIALIZER_NOT_FULLY_BRACKETED = YES;
				GCC_WARN_MISSING_PARENTHESES = YES;
				GCC_WARN_SHADOW = YES;
				GCC_WARN_TYPECHECK_CALLS_TO_PRINTF = YES;
				GCC_WARN_UNDECLARED_SELECTOR = YES;
				GCC_WARN_UNINITIALIZED_AUTOS = YES;
				GCC_WARN_UNUSED_FUNCTION = YES;
				GCC_WARN_UNUSED_LABEL = YES;
				GCC_WARN_UNUSED_VALUE = YES;
				GCC_WARN_UNUSED_VARIABLE = YES;
				IPHONEOS_DEPLOYMENT_TARGET = 7.0;
				ONLY_ACTIVE_ARCH = YES;
				SDKROOT = iphoneos;
			};
			name = Debug;
		};
/* End XCBuildConfiguration section */

/* Begin XCConfigurationList section */
		764C0DBF8D3D4CAFA2A0EA98 /* Build configuration list for PBXNativeTarget "facepad" */ = {
			isa = XCConfigurationList;
			buildConfigurations = (
				3116AE481D954221B079097C /* Release */,
				0E25A449339244D8A4CFF881 /* Debug */,
			);
			defaultConfigurationIsVisible = 0;
			defaultConfigurationName = Release;
		};
		98253DF2A5A6437C8E82DF08 /* Build configuration list for PBXNativeTarget "UnitTests" */ = {
			isa = XCConfigurationList;
			buildConfigurations = (
				4C486A99E193444584E581A1 /* Release */,
				C9D695B9EDBA4B12A3BD07A8 /* Debug */,
			);
			defaultConfigurationIsVisible = 0;
			defaultConfigurationName = Release;
		};
		E96150067C1243CE9B18EAD7 /* Build configuration list for PBXProject "facepad" */ = {
			isa = XCConfigurationList;
			buildConfigurations = (
				F6CD59F83DE140B0BC080645 /* Debug */,
				8ADF98AA91484612B6D5CE51 /* Release */,
			);
			defaultConfigurationIsVisible = 0;
			defaultConfigurationName = Release;
		};
/* End XCConfigurationList section */
	};
	rootObject = 1AA18FA520114A5EA945AF5F /* Project object */;
}
